
Microsoft Visual Studio Solution File, Format Version 12.00
Project("{FAE04EC0-301F-11D3-BF4B-00C04F79EFBC}") = "ForgetMeNot.DiscordBot", "ForgetMeNot.DiscordBot\ForgetMeNot.DiscordBot.csproj", "{9FDD05AA-0C12-4AD1-A00A-6D7C76E69656}"
EndProject
Project("{FAE04EC0-301F-11D3-BF4B-00C04F79EFBC}") = "ForgetMeNot.Common", "ForgetMeNot.Common\ForgetMeNot.Common.csproj", "{10DFB1DF-4DAB-413A-9D60-6912A8240F6F}"
EndProject
Project("{FAE04EC0-301F-11D3-BF4B-00C04F79EFBC}") = "ForgetMeNot.Core", "ForgetMeNot.Core\ForgetMeNot.Core.csproj", "{D58C1579-B12A-46DC-B31C-A328715EF093}"
EndProject
Project("{FAE04EC0-301F-11D3-BF4B-00C04F79EFBC}") = "ForgetMeNot.Api", "ForgetMeNot.Api\ForgetMeNot.Api.csproj", "{F4CCF5F0-B6BD-4DEC-91A0-BBB724F8EDA8}"
EndProject
Global
	GlobalSection(SolutionConfigurationPlatforms) = preSolution
		Debug|Any CPU = Debug|Any CPU
		Release|Any CPU = Release|Any CPU
	EndGlobalSection
	GlobalSection(ProjectConfigurationPlatforms) = postSolution
		{9FDD05AA-0C12-4AD1-A00A-6D7C76E69656}.Debug|Any CPU.ActiveCfg = Debug|Any CPU
		{9FDD05AA-0C12-4AD1-A00A-6D7C76E69656}.Debug|Any CPU.Build.0 = Debug|Any CPU
		{9FDD05AA-0C12-4AD1-A00A-6D7C76E69656}.Release|Any CPU.ActiveCfg = Release|Any CPU
		{9FDD05AA-0C12-4AD1-A00A-6D7C76E69656}.Release|Any CPU.Build.0 = Release|Any CPU
		{10DFB1DF-4DAB-413A-9D60-6912A8240F6F}.Debug|Any CPU.ActiveCfg = Debug|Any CPU
		{10DFB1DF-4DAB-413A-9D60-6912A8240F6F}.Debug|Any CPU.Build.0 = Debug|Any CPU
		{10DFB1DF-4DAB-413A-9D60-6912A8240F6F}.Release|Any CPU.ActiveCfg = Release|Any CPU
		{10DFB1DF-4DAB-413A-9D60-6912A8240F6F}.Release|Any CPU.Build.0 = Release|Any CPU
		{D58C1579-B12A-46DC-B31C-A328715EF093}.Debug|Any CPU.ActiveCfg = Debug|Any CPU
		{D58C1579-B12A-46DC-B31C-A328715EF093}.Debug|Any CPU.Build.0 = Debug|Any CPU
		{D58C1579-B12A-46DC-B31C-A328715EF093}.Release|Any CPU.ActiveCfg = Release|Any CPU
		{D58C1579-B12A-46DC-B31C-A328715EF093}.Release|Any CPU.Build.0 = Release|Any CPU
		{F4CCF5F0-B6BD-4DEC-91A0-BBB724F8EDA8}.Debug|Any CPU.ActiveCfg = Debug|Any CPU
		{F4CCF5F0-B6BD-4DEC-91A0-BBB724F8EDA8}.Debug|Any CPU.Build.0 = Debug|Any CPU
		{F4CCF5F0-B6BD-4DEC-91A0-BBB724F8EDA8}.Release|Any CPU.ActiveCfg = Release|Any CPU
		{F4CCF5F0-B6BD-4DEC-91A0-BBB724F8EDA8}.Release|Any CPU.Build.0 = Release|Any CPU
	EndGlobalSection
EndGlobal
